
Microsoft Visual Studio Solution File, Format Version 12.00
# Visual Studio Version 17
VisualStudioVersion = 17.14.36908.2
MinimumVisualStudioVersion = 10.0.40219.1
Project("{FAE04EC0-301F-11D3-BF4B-00C04F79EFBC}") = "BikeMarket", "BikeMarket\BikeMarket.csproj", "{01A55C04-C32D-4D8C-927F-6A246459D58D}"
EndProject
Project("{FAE04EC0-301F-11D3-BF4B-00C04F79EFBC}") = "DataAccess", "DataAccess\DataAccess.csproj", "{8209708F-50E2-4AFF-93D3-F12516FBE088}"
EndProject
Project("{FAE04EC0-301F-11D3-BF4B-00C04F79EFBC}") = "Business", "Business\Business.csproj", "{6192F30E-ED1F-46EC-93AB-6BAA3313D73F}"
EndProject
Project("{FAE04EC0-301F-11D3-BF4B-00C04F79EFBC}") = "DTO", "DTO\DTO.csproj", "{63269947-E268-45ED-B4E6-540D735E3C72}"
EndProject
Global
	GlobalSection(SolutionConfigurationPlatforms) = preSolution
		Debug|Any CPU = Debug|Any CPU
		Release|Any CPU = Release|Any CPU
	EndGlobalSection
	GlobalSection(ProjectConfigurationPlatforms) = postSolution
		{01A55C04-C32D-4D8C-927F-6A246459D58D}.Debug|Any CPU.ActiveCfg = Debug|Any CPU
		{01A55C04-C32D-4D8C-927F-6A246459D58D}.Debug|Any CPU.Build.0 = Debug|Any CPU
		{01A55C04-C32D-4D8C-927F-6A246459D58D}.Release|Any CPU.ActiveCfg = Release|Any CPU
		{01A55C04-C32D-4D8C-927F-6A246459D58D}.Release|Any CPU.Build.0 = Release|Any CPU
		{8209708F-50E2-4AFF-93D3-F12516FBE088}.Debug|Any CPU.ActiveCfg = Debug|Any CPU
		{8209708F-50E2-4AFF-93D3-F12516FBE088}.Debug|Any CPU.Build.0 = Debug|Any CPU
		{8209708F-50E2-4AFF-93D3-F12516FBE088}.Release|Any CPU.ActiveCfg = Release|Any CPU
		{8209708F-50E2-4AFF-93D3-F12516FBE088}.Release|Any CPU.Build.0 = Release|Any CPU
		{6192F30E-ED1F-46EC-93AB-6BAA3313D73F}.Debug|Any CPU.ActiveCfg = Debug|Any CPU
		{6192F30E-ED1F-46EC-93AB-6BAA3313D73F}.Debug|Any CPU.Build.0 = Debug|Any CPU
		{6192F30E-ED1F-46EC-93AB-6BAA3313D73F}.Release|Any CPU.ActiveCfg = Release|Any CPU
		{6192F30E-ED1F-46EC-93AB-6BAA3313D73F}.Release|Any CPU.Build.0 = Release|Any CPU
		{63269947-E268-45ED-B4E6-540D735E3C72}.Debug|Any CPU.ActiveCfg = Debug|Any CPU
		{63269947-E268-45ED-B4E6-540D735E3C72}.Debug|Any CPU.Build.0 = Debug|Any CPU
		{63269947-E268-45ED-B4E6-540D735E3C72}.Release|Any CPU.ActiveCfg = Release|Any CPU
		{63269947-E268-45ED-B4E6-540D735E3C72}.Release|Any CPU.Build.0 = Release|Any CPU
	EndGlobalSection
	GlobalSection(SolutionProperties) = preSolution
		HideSolutionNode = FALSE
	EndGlobalSection
	GlobalSection(ExtensibilityGlobals) = postSolution
		SolutionGuid = {D3197DF7-4BE9-437F-958D-C73309131A4A}
	EndGlobalSection
EndGlobal
